// !$*UTF8*$!
{
	archiveVersion = 1;
	classes = {
	};
	objectVersion = 50;
	objects = {

/* Begin PBXBuildFile section */
		1B3825CE2AEA49A300EEC63A /* AppDelegate.swift in Sources */ = {isa = PBXBuildFile; fileRef = 1B3825CD2AEA49A300EEC63A /* AppDelegate.swift */; };
		1B3825D02AEA49A300EEC63A /* SceneDelegate.swift in Sources */ = {isa = PBXBuildFile; fileRef = 1B3825CF2AEA49A300EEC63A /* SceneDelegate.swift */; };
		1B3825D22AEA49A300EEC63A /* ViewController.swift in Sources */ = {isa = PBXBuildFile; fileRef = 1B3825D12AEA49A300EEC63A /* ViewController.swift */; };
		1B3825D52AEA49A300EEC63A /* Main.storyboard in Resources */ = {isa = PBXBuildFile; fileRef = 1B3825D32AEA49A300EEC63A /* Main.storyboard */; };
		1B3825D72AEA49A500EEC63A /* Assets.xcassets in Resources */ = {isa = PBXBuildFile; fileRef = 1B3825D62AEA49A500EEC63A /* Assets.xcassets */; };
		1B3825DA2AEA49A500EEC63A /* LaunchScreen.storyboard in Resources */ = {isa = PBXBuildFile; fileRef = 1B3825D82AEA49A500EEC63A /* LaunchScreen.storyboard */; };
		1B3825E52AEA49A500EEC63A /* ejerc2DiTema1Tests.swift in Sources */ = {isa = PBXBuildFile; fileRef = 1B3825E42AEA49A500EEC63A /* ejerc2DiTema1Tests.swift */; };
		1B3825F02AEA49A500EEC63A /* ejerc2DiTema1UITests.swift in Sources */ = {isa = PBXBuildFile; fileRef = 1B3825EF2AEA49A500EEC63A /* ejerc2DiTema1UITests.swift */; };
		1B3826022AEA4A1800EEC63A /* Examen.swift in Sources */ = {isa = PBXBuildFile; fileRef = 1B3826012AEA4A1800EEC63A /* Examen.swift */; };
/* End PBXBuildFile section */

/* Begin PBXContainerItemProxy section */
		1B3825E12AEA49A500EEC63A /* PBXContainerItemProxy */ = {
			isa = PBXContainerItemProxy;
			containerPortal = 1B3825C22AEA49A300EEC63A /* Project object */;
			proxyType = 1;
			remoteGlobalIDString = 1B3825C92AEA49A300EEC63A;
			remoteInfo = ejerc2DiTema1;
		};
		1B3825EC2AEA49A500EEC63A /* PBXContainerItemProxy */ = {
			isa = PBXContainerItemProxy;
			containerPortal = 1B3825C22AEA49A300EEC63A /* Project object */;
			proxyType = 1;
			remoteGlobalIDString = 1B3825C92AEA49A300EEC63A;
			remoteInfo = ejerc2DiTema1;
		};
/* End PBXContainerItemProxy section */

/* Begin PBXFileReference section */
		1B3825CA2AEA49A300EEC63A /* ejerc2DiTema1.app */ = {isa = PBXFileReference; explicitFileType = wrapper.application; includeInIndex = 0; path = ejerc2DiTema1.app; sourceTree = BUILT_PRODUCTS_DIR; };
		1B3825CD2AEA49A300EEC63A /* AppDelegate.swift */ = {isa = PBXFileReference; lastKnownFileType = sourcecode.swift; path = AppDelegate.swift; sourceTree = "<group>"; };
		1B3825CF2AEA49A300EEC63A /* SceneDelegate.swift */ = {isa = PBXFileReference; lastKnownFileType = sourcecode.swift; path = SceneDelegate.swift; sourceTree = "<group>"; };
		1B3825D12AEA49A300EEC63A /* ViewController.swift */ = {isa = PBXFileReference; lastKnownFileType = sourcecode.swift; path = ViewController.swift; sourceTree = "<group>"; };
		1B3825D42AEA49A300EEC63A /* Base */ = {isa = PBXFileReference; lastKnownFileType = file.storyboard; name = Base; path = Base.lproj/Main.storyboard; sourceTree = "<group>"; };
		1B3825D62AEA49A500EEC63A /* Assets.xcassets */ = {isa = PBXFileReference; lastKnownFileType = folder.assetcatalog; path = Assets.xcassets; sourceTree = "<group>"; };
		1B3825D92AEA49A500EEC63A /* Base */ = {isa = PBXFileReference; lastKnownFileType = file.storyboard; name = Base; path = Base.lproj/LaunchScreen.storyboard; sourceTree = "<group>"; };
		1B3825DB2AEA49A500EEC63A /* Info.plist */ = {isa = PBXFileReference; lastKnownFileType = text.plist.xml; path = Info.plist; sourceTree = "<group>"; };
		1B3825E02AEA49A500EEC63A /* ejerc2DiTema1Tests.xctest */ = {isa = PBXFileReference; explicitFileType = wrapper.cfbundle; includeInIndex = 0; path = ejerc2DiTema1Tests.xctest; sourceTree = BUILT_PRODUCTS_DIR; };
		1B3825E42AEA49A500EEC63A /* ejerc2DiTema1Tests.swift */ = {isa = PBXFileReference; lastKnownFileType = sourcecode.swift; path = ejerc2DiTema1Tests.swift; sourceTree = "<group>"; };
		1B3825E62AEA49A500EEC63A /* Info.plist */ = {isa = PBXFileReference; lastKnownFileType = text.plist.xml; path = Info.plist; sourceTree = "<group>"; };
		1B3825EB2AEA49A500EEC63A /* ejerc2DiTema1UITests.xctest */ = {isa = PBXFileReference; explicitFileType = wrapper.cfbundle; includeInIndex = 0; path = ejerc2DiTema1UITests.xctest; sourceTree = BUILT_PRODUCTS_DIR; };
		1B3825EF2AEA49A500EEC63A /* ejerc2DiTema1UITests.swift */ = {isa = PBXFileReference; lastKnownFileType = sourcecode.swift; path = ejerc2DiTema1UITests.swift; sourceTree = "<group>"; };
		1B3825F12AEA49A500EEC63A /* Info.plist */ = {isa = PBXFileReference; lastKnownFileType = text.plist.xml; path = Info.plist; sourceTree = "<group>"; };
		1B3826012AEA4A1800EEC63A /* Examen.swift */ = {isa = PBXFileReference; lastKnownFileType = sourcecode.swift; path = Examen.swift; sourceTree = "<group>"; };
/* End PBXFileReference section */

/* Begin PBXFrameworksBuildPhase section */
		1B3825C72AEA49A300EEC63A /* Frameworks */ = {
			isa = PBXFrameworksBuildPhase;
			buildActionMask = 2147483647;
			files = (
			);
			runOnlyForDeploymentPostprocessing = 0;
		};
		1B3825DD2AEA49A500EEC63A /* Frameworks */ = {
			isa = PBXFrameworksBuildPhase;
			buildActionMask = 2147483647;
			files = (
			);
			runOnlyForDeploymentPostprocessing = 0;
		};
		1B3825E82AEA49A500EEC63A /* Frameworks */ = {
			isa = PBXFrameworksBuildPhase;
			buildActionMask = 2147483647;
			files = (
			);
			runOnlyForDeploymentPostprocessing = 0;
		};
/* End PBXFrameworksBuildPhase section */

/* Begin PBXGroup section */
		1B3825C12AEA49A300EEC63A = {
			isa = PBXGroup;
			children = (
				1B3825CC2AEA49A300EEC63A /* ejerc2DiTema1 */,
				1B3825E32AEA49A500EEC63A /* ejerc2DiTema1Tests */,
				1B3825EE2AEA49A500EEC63A /* ejerc2DiTema1UITests */,
				1B3825CB2AEA49A300EEC63A /* Products */,
			);
			sourceTree = "<group>";
		};
		1B3825CB2AEA49A300EEC63A /* Products */ = {
			isa = PBXGroup;
			children = (
				1B3825CA2AEA49A300EEC63A /* ejerc2DiTema1.app */,
				1B3825E02AEA49A500EEC63A /* ejerc2DiTema1Tests.xctest */,
				1B3825EB2AEA49A500EEC63A /* ejerc2DiTema1UITests.xctest */,
			);
			name = Products;
			sourceTree = "<group>";
		};
		1B3825CC2AEA49A300EEC63A /* ejerc2DiTema1 */ = {
			isa = PBXGroup;
			children = (
				1B3826002AEA49FC00EEC63A /* modelos */,
				1B3825CD2AEA49A300EEC63A /* AppDelegate.swift */,
				1B3825CF2AEA49A300EEC63A /* SceneDelegate.swift */,
				1B3825D12AEA49A300EEC63A /* ViewController.swift */,
				1B3825D32AEA49A300EEC63A /* Main.storyboard */,
				1B3825D62AEA49A500EEC63A /* Assets.xcassets */,
				1B3825D82AEA49A500EEC63A /* LaunchScreen.storyboard */,
				1B3825DB2AEA49A500EEC63A /* Info.plist */,
			);
			path = ejerc2DiTema1;
			sourceTree = "<group>";
		};
		1B3825E32AEA49A500EEC63A /* ejerc2DiTema1Tests */ = {
			isa = PBXGroup;
			children = (
				1B3825E42AEA49A500EEC63A /* ejerc2DiTema1Tests.swift */,
				1B3825E62AEA49A500EEC63A /* Info.plist */,
			);
			path = ejerc2DiTema1Tests;
			sourceTree = "<group>";
		};
		1B3825EE2AEA49A500EEC63A /* ejerc2DiTema1UITests */ = {
			isa = PBXGroup;
			children = (
				1B3825EF2AEA49A500EEC63A /* ejerc2DiTema1UITests.swift */,
				1B3825F12AEA49A500EEC63A /* Info.plist */,
			);
			path = ejerc2DiTema1UITests;
			sourceTree = "<group>";
		};
		1B3826002AEA49FC00EEC63A /* modelos */ = {
			isa = PBXGroup;
			children = (
				1B3826012AEA4A1800EEC63A /* Examen.swift */,
			);
			path = modelos;
			sourceTree = "<group>";
		};
/* End PBXGroup section */

/* Begin PBXNativeTarget section */
		1B3825C92AEA49A300EEC63A /* ejerc2DiTema1 */ = {
			isa = PBXNativeTarget;
			buildConfigurationList = 1B3825F42AEA49A500EEC63A /* Build configuration list for PBXNativeTarget "ejerc2DiTema1" */;
			buildPhases = (
				1B3825C62AEA49A300EEC63A /* Sources */,
				1B3825C72AEA49A300EEC63A /* Frameworks */,
				1B3825C82AEA49A300EEC63A /* Resources */,
			);
			buildRules = (
			);
			dependencies = (
			);
			name = ejerc2DiTema1;
			productName = ejerc2DiTema1;
			productReference = 1B3825CA2AEA49A300EEC63A /* ejerc2DiTema1.app */;
			productType = "com.apple.product-type.application";
		};
		1B3825DF2AEA49A500EEC63A /* ejerc2DiTema1Tests */ = {
			isa = PBXNativeTarget;
			buildConfigurationList = 1B3825F72AEA49A500EEC63A /* Build configuration list for PBXNativeTarget "ejerc2DiTema1Tests" */;
			buildPhases = (
				1B3825DC2AEA49A500EEC63A /* Sources */,
				1B3825DD2AEA49A500EEC63A /* Frameworks */,
				1B3825DE2AEA49A500EEC63A /* Resources */,
			);
			buildRules = (
			);
			dependencies = (
				1B3825E22AEA49A500EEC63A /* PBXTargetDependency */,
			);
			name = ejerc2DiTema1Tests;
			productName = ejerc2DiTema1Tests;
			productReference = 1B3825E02AEA49A500EEC63A /* ejerc2DiTema1Tests.xctest */;
			productType = "com.apple.product-type.bundle.unit-test";
		};
		1B3825EA2AEA49A500EEC63A /* ejerc2DiTema1UITests */ = {
			isa = PBXNativeTarget;
			buildConfigurationList = 1B3825FA2AEA49A500EEC63A /* Build configuration list for PBXNativeTarget "ejerc2DiTema1UITests" */;
			buildPhases = (
				1B3825E72AEA49A500EEC63A /* Sources */,
				1B3825E82AEA49A500EEC63A /* Frameworks */,
				1B3825E92AEA49A500EEC63A /* Resources */,
			);
			buildRules = (
			);
			dependencies = (
				1B3825ED2AEA49A500EEC63A /* PBXTargetDependency */,
			);
			name = ejerc2DiTema1UITests;
			productName = ejerc2DiTema1UITests;
			productReference = 1B3825EB2AEA49A500EEC63A /* ejerc2DiTema1UITests.xctest */;
			productType = "com.apple.product-type.bundle.ui-testing";
		};
/* End PBXNativeTarget section */

/* Begin PBXProject section */
		1B3825C22AEA49A300EEC63A /* Project object */ = {
			isa = PBXProject;
			attributes = {
				LastSwiftUpdateCheck = 1240;
				LastUpgradeCheck = 1240;
				TargetAttributes = {
					1B3825C92AEA49A300EEC63A = {
						CreatedOnToolsVersion = 12.4;
					};
					1B3825DF2AEA49A500EEC63A = {
						CreatedOnToolsVersion = 12.4;
						TestTargetID = 1B3825C92AEA49A300EEC63A;
					};
					1B3825EA2AEA49A500EEC63A = {
						CreatedOnToolsVersion = 12.4;
						TestTargetID = 1B3825C92AEA49A300EEC63A;
					};
				};
			};
			buildConfigurationList = 1B3825C52AEA49A300EEC63A /* Build configuration list for PBXProject "ejerc2DiTema1" */;
			compatibilityVersion = "Xcode 9.3";
			developmentRegion = en;
			hasScannedForEncodings = 0;
			knownRegions = (
				en,
				Base,
			);
			mainGroup = 1B3825C12AEA49A300EEC63A;
			productRefGroup = 1B3825CB2AEA49A300EEC63A /* Products */;
			projectDirPath = "";
			projectRoot = "";
			targets = (
				1B3825C92AEA49A300EEC63A /* ejerc2DiTema1 */,
				1B3825DF2AEA49A500EEC63A /* ejerc2DiTema1Tests */,
				1B3825EA2AEA49A500EEC63A /* ejerc2DiTema1UITests */,
			);
		};
/* End PBXProject section */

/* Begin PBXResourcesBuildPhase section */
		1B3825C82AEA49A300EEC63A /* Resources */ = {
			isa = PBXResourcesBuildPhase;
			buildActionMask = 2147483647;
			files = (
				1B3825DA2AEA49A500EEC63A /* LaunchScreen.storyboard in Resources */,
				1B3825D72AEA49A500EEC63A /* Assets.xcassets in Resources */,
				1B3825D52AEA49A300EEC63A /* Main.storyboard in Resources */,
			);
			runOnlyForDeploymentPostprocessing = 0;
		};
		1B3825DE2AEA49A500EEC63A /* Resources */ = {
			isa = PBXResourcesBuildPhase;
			buildActionMask = 2147483647;
			files = (
			);
			runOnlyForDeploymentPostprocessing = 0;
		};
		1B3825E92AEA49A500EEC63A /* Resources */ = {
			isa = PBXResourcesBuildPhase;
			buildActionMask = 2147483647;
			files = (
			);
			runOnlyForDeploymentPostprocessing = 0;
		};
/* End PBXResourcesBuildPhase section */

/* Begin PBXSourcesBuildPhase section */
		1B3825C62AEA49A300EEC63A /* Sources */ = {
			isa = PBXSourcesBuildPhase;
			buildActionMask = 2147483647;
			files = (
				1B3825D22AEA49A300EEC63A /* ViewController.swift in Sources */,
				1B3826022AEA4A1800EEC63A /* Examen.swift in Sources */,
				1B3825CE2AEA49A300EEC63A /* AppDelegate.swift in Sources */,
				1B3825D02AEA49A300EEC63A /* SceneDelegate.swift in Sources */,
			);
			runOnlyForDeploymentPostprocessing = 0;
		};
		1B3825DC2AEA49A500EEC63A /* Sources */ = {
			isa = PBXSourcesBuildPhase;
			buildActionMask = 2147483647;
			files = (
				1B3825E52AEA49A500EEC63A /* ejerc2DiTema1Tests.swift in Sources */,
			);
			runOnlyForDeploymentPostprocessing = 0;
		};
		1B3825E72AEA49A500EEC63A /* Sources */ = {
			isa = PBXSourcesBuildPhase;
			buildActionMask = 2147483647;
			files = (
				1B3825F02AEA49A500EEC63A /* ejerc2DiTema1UITests.swift in Sources */,
			);
			runOnlyForDeploymentPostprocessing = 0;
		};
/* End PBXSourcesBuildPhase section */

/* Begin PBXTargetDependency section */
		1B3825E22AEA49A500EEC63A /* PBXTargetDependency */ = {
			isa = PBXTargetDependency;
			target = 1B3825C92AEA49A300EEC63A /* ejerc2DiTema1 */;
			targetProxy = 1B3825E12AEA49A500EEC63A /* PBXContainerItemProxy */;
		};
		1B3825ED2AEA49A500EEC63A /* PBXTargetDependency */ = {
			isa = PBXTargetDependency;
			target = 1B3825C92AEA49A300EEC63A /* ejerc2DiTema1 */;
			targetProxy = 1B3825EC2AEA49A500EEC63A /* PBXContainerItemProxy */;
		};
/* End PBXTargetDependency section */

/* Begin PBXVariantGroup section */
		1B3825D32AEA49A300EEC63A /* Main.storyboard */ = {
			isa = PBXVariantGroup;
			children = (
				1B3825D42AEA49A300EEC63A /* Base */,
			);
			name = Main.storyboard;
			sourceTree = "<group>";
		};
		1B3825D82AEA49A500EEC63A /* LaunchScreen.storyboard */ = {
			isa = PBXVariantGroup;
			children = (
				1B3825D92AEA49A500EEC63A /* Base */,
			);
			name = LaunchScreen.storyboard;
			sourceTree = "<group>";
		};
/* End PBXVariantGroup section */

/* Begin XCBuildConfiguration section */
		1B3825F22AEA49A500EEC63A /* Debug */ = {
			isa = XCBuildConfiguration;
			buildSettings = {
				ALWAYS_SEARCH_USER_PATHS = NO;
				CLANG_ANALYZER_NONNULL = YES;
				CLANG_ANALYZER_NUMBER_OBJECT_CONVERSION = YES_AGGRESSIVE;
				CLANG_CXX_LANGUAGE_STANDARD = "gnu++14";
				CLANG_CXX_LIBRARY = "libc++";
				CLANG_ENABLE_MODULES = YES;
				CLANG_ENABLE_OBJC_ARC = YES;
				CLANG_ENABLE_OBJC_WEAK = YES;
				CLANG_WARN_BLOCK_CAPTURE_AUTORELEASING = YES;
				CLANG_WARN_BOOL_CONVERSION = YES;
				CLANG_WARN_COMMA = YES;
				CLANG_WARN_CONSTANT_CONVERSION = YES;
				CLANG_WARN_DEPRECATED_OBJC_IMPLEMENTATIONS = YES;
				CLANG_WARN_DIRECT_OBJC_ISA_USAGE = YES_ERROR;
				CLANG_WARN_DOCUMENTATION_COMMENTS = YES;
				CLANG_WARN_EMPTY_BODY = YES;
				CLANG_WARN_ENUM_CONVERSION = YES;
				CLANG_WARN_INFINITE_RECURSION = YES;
				CLANG_WARN_INT_CONVERSION = YES;
				CLANG_WARN_NON_LITERAL_NULL_CONVERSION = YES;
				CLANG_WARN_OBJC_IMPLICIT_RETAIN_SELF = YES;
				CLANG_WARN_OBJC_LITERAL_CONVERSION = YES;
				CLANG_WARN_OBJC_ROOT_CLASS = YES_ERROR;
				CLANG_WARN_QUOTED_INCLUDE_IN_FRAMEWORK_HEADER = YES;
				CLANG_WARN_RANGE_LOOP_ANALYSIS = YES;
				CLANG_WARN_STRICT_PROTOTYPES = YES;
				CLANG_WARN_SUSPICIOUS_MOVE = YES;
				CLANG_WARN_UNGUARDED_AVAILABILITY = YES_AGGRESSIVE;
				CLANG_WARN_UNREACHABLE_CODE = YES;
				CLANG_WARN__DUPLICATE_METHOD_MATCH = YES;
				COPY_PHASE_STRIP = NO;
				DEBUG_INFORMATION_FORMAT = dwarf;
				ENABLE_STRICT_OBJC_MSGSEND = YES;
				ENABLE_TESTABILITY = YES;
				GCC_C_LANGUAGE_STANDARD = gnu11;
				GCC_DYNAMIC_NO_PIC = NO;
				GCC_NO_COMMON_BLOCKS = YES;
				GCC_OPTIMIZATION_LEVEL = 0;
				GCC_PREPROCESSOR_DEFINITIONS = (
					"DEBUG=1",
					"$(inherited)",
				);
				GCC_WARN_64_TO_32_BIT_CONVERSION = YES;
				GCC_WARN_ABOUT_RETURN_TYPE = YES_ERROR;
				GCC_WARN_UNDECLARED_SELECTOR = YES;
				GCC_WARN_UNINITIALIZED_AUTOS = YES_AGGRESSIVE;
				GCC_WARN_UNUSED_FUNCTION = YES;
				GCC_WARN_UNUSED_VARIABLE = YES;
				IPHONEOS_DEPLOYMENT_TARGET = 14.4;
				MTL_ENABLE_DEBUG_INFO = INCLUDE_SOURCE;
				MTL_FAST_MATH = YES;
				ONLY_ACTIVE_ARCH = YES;
				SDKROOT = iphoneos;
				SWIFT_ACTIVE_COMPILATION_CONDITIONS = DEBUG;
				SWIFT_OPTIMIZATION_LEVEL = "-Onone";
			};
			name = Debug;
		};
		1B3825F32AEA49A500EEC63A /* Release */ = {
			isa = XCBuildConfiguration;
			buildSettings = {
				ALWAYS_SEARCH_USER_PATHS = NO;
				CLANG_ANALYZER_NONNULL = YES;
				CLANG_ANALYZER_NUMBER_OBJECT_CONVERSION = YES_AGGRESSIVE;
				CLANG_CXX_LANGUAGE_STANDARD = "gnu++14";
				CLANG_CXX_LIBRARY = "libc++";
				CLANG_ENABLE_MODULES = YES;
				CLANG_ENABLE_OBJC_ARC = YES;
				CLANG_ENABLE_OBJC_WEAK = YES;
				CLANG_WARN_BLOCK_CAPTURE_AUTORELEASING = YES;
				CLANG_WARN_BOOL_CONVERSION = YES;
				CLANG_WARN_COMMA = YES;
				CLANG_WARN_CONSTANT_CONVERSION = YES;
				CLANG_WARN_DEPRECATED_OBJC_IMPLEMENTATIONS = YES;
				CLANG_WARN_DIRECT_OBJC_ISA_USAGE = YES_ERROR;
				CLANG_WARN_DOCUMENTATION_COMMENTS = YES;
				CLANG_WARN_EMPTY_BODY = YES;
				CLANG_WARN_ENUM_CONVERSION = YES;
				CLANG_WARN_INFINITE_RECURSION = YES;
				CLANG_WARN_INT_CONVERSION = YES;
				CLANG_WARN_NON_LITERAL_NULL_CONVERSION = YES;
				CLANG_WARN_OBJC_IMPLICIT_RETAIN_SELF = YES;
				CLANG_WARN_OBJC_LITERAL_CONVERSION = YES;
				CLANG_WARN_OBJC_ROOT_CLASS = YES_ERROR;
				CLANG_WARN_QUOTED_INCLUDE_IN_FRAMEWORK_HEADER = YES;
				CLANG_WARN_RANGE_LOOP_ANALYSIS = YES;
				CLANG_WARN_STRICT_PROTOTYPES = YES;
				CLANG_WARN_SUSPICIOUS_MOVE = YES;
				CLANG_WARN_UNGUARDED_AVAILABILITY = YES_AGGRESSIVE;
				CLANG_WARN_UNREACHABLE_CODE = YES;
				CLANG_WARN__DUPLICATE_METHOD_MATCH = YES;
				COPY_PHASE_STRIP = NO;
				DEBUG_INFORMATION_FORMAT = "dwarf-with-dsym";
				ENABLE_NS_ASSERTIONS = NO;
				ENABLE_STRICT_OBJC_MSGSEND = YES;
				GCC_C_LANGUAGE_STANDARD = gnu11;
				GCC_NO_COMMON_BLOCKS = YES;
				GCC_WARN_64_TO_32_BIT_CONVERSION = YES;
				GCC_WARN_ABOUT_RETURN_TYPE = YES_ERROR;
				GCC_WARN_UNDECLARED_SELECTOR = YES;
				GCC_WARN_UNINITIALIZED_AUTOS = YES_AGGRESSIVE;
				GCC_WARN_UNUSED_FUNCTION = YES;
				GCC_WARN_UNUSED_VARIABLE = YES;
				IPHONEOS_DEPLOYMENT_TARGET = 14.4;
				MTL_ENABLE_DEBUG_INFO = NO;
				MTL_FAST_MATH = YES;
				SDKROOT = iphoneos;
				SWIFT_COMPILATION_MODE = wholemodule;
				SWIFT_OPTIMIZATION_LEVEL = "-O";
				VALIDATE_PRODUCT = YES;
			};
			name = Release;
		};
		1B3825F52AEA49A500EEC63A /* Debug */ = {
			isa = XCBuildConfiguration;
			buildSettings = {
				ASSETCATALOG_COMPILER_APPICON_NAME = AppIcon;
				ASSETCATALOG_COMPILER_GLOBAL_ACCENT_COLOR_NAME = AccentColor;
				CODE_SIGN_STYLE = Automatic;
				INFOPLIST_FILE = ejerc2DiTema1/Info.plist;
				LD_RUNPATH_SEARCH_PATHS = (
					"$(inherited)",
					"@executable_path/Frameworks",
				);
				PRODUCT_BUNDLE_IDENTIFIER = montacer.elfazazi.ejerc2DiTema1;
				PRODUCT_NAME = "$(TARGET_NAME)";
				SWIFT_VERSION = 5.0;
				TARGETED_DEVICE_FAMILY = "1,2";
			};
			name = Debug;
		};
		1B3825F62AEA49A500EEC63A /* Release */ = {
			isa = XCBuildConfiguration;
			buildSettings = {
				ASSETCATALOG_COMPILER_APPICON_NAME = AppIcon;
				ASSETCATALOG_COMPILER_GLOBAL_ACCENT_COLOR_NAME = AccentColor;
				CODE_SIGN_STYLE = Automatic;
				INFOPLIST_FILE = ejerc2DiTema1/Info.plist;
				LD_RUNPATH_SEARCH_PATHS = (
					"$(inherited)",
					"@executable_path/Frameworks",
				);
				PRODUCT_BUNDLE_IDENTIFIER = montacer.elfazazi.ejerc2DiTema1;
				PRODUCT_NAME = "$(TARGET_NAME)";
				SWIFT_VERSION = 5.0;
				TARGETED_DEVICE_FAMILY = "1,2";
			};
			name = Release;
		};
		1B3825F82AEA49A500EEC63A /* Debug */ = {
			isa = XCBuildConfiguration;
			buildSettings = {
				ALWAYS_EMBED_SWIFT_STANDARD_LIBRARIES = YES;
				BUNDLE_LOADER = "$(TEST_HOST)";
				CODE_SIGN_STYLE = Automatic;
				INFOPLIST_FILE = ejerc2DiTema1Tests/Info.plist;
				IPHONEOS_DEPLOYMENT_TARGET = 14.4;
				LD_RUNPATH_SEARCH_PATHS = (
					"$(inherited)",
					"@executable_path/Frameworks",
					"@loader_path/Frameworks",
				);
				PRODUCT_BUNDLE_IDENTIFIER = montacer.elfazazi.ejerc2DiTema1Tests;
				PRODUCT_NAME = "$(TARGET_NAME)";
				SWIFT_VERSION = 5.0;
				TARGETED_DEVICE_FAMILY = "1,2";
				TEST_HOST = "$(BUILT_PRODUCTS_DIR)/ejerc2DiTema1.app/ejerc2DiTema1";
			};
			name = Debug;
		};
		1B3825F92AEA49A500EEC63A /* Release */ = {
			isa = XCBuildConfiguration;
			buildSettings = {
				ALWAYS_EMBED_SWIFT_STANDARD_LIBRARIES = YES;
				BUNDLE_LOADER = "$(TEST_HOST)";
				CODE_SIGN_STYLE = Automatic;
				INFOPLIST_FILE = ejerc2DiTema1Tests/Info.plist;
				IPHONEOS_DEPLOYMENT_TARGET = 14.4;
				LD_RUNPATH_SEARCH_PATHS = (
					"$(inherited)",
					"@executable_path/Frameworks",
					"@loader_path/Frameworks",
				);
				PRODUCT_BUNDLE_IDENTIFIER = montacer.elfazazi.ejerc2DiTema1Tests;
				PRODUCT_NAME = "$(TARGET_NAME)";
				SWIFT_VERSION = 5.0;
				TARGETED_DEVICE_FAMILY = "1,2";
				TEST_HOST = "$(BUILT_PRODUCTS_DIR)/ejerc2DiTema1.app/ejerc2DiTema1";
			};
			name = Release;
		};
		1B3825FB2AEA49A500EEC63A /* Debug */ = {
			isa = XCBuildConfiguration;
			buildSettings = {
				ALWAYS_EMBED_SWIFT_STANDARD_LIBRARIES = YES;
				CODE_SIGN_STYLE = Automatic;
				INFOPLIST_FILE = ejerc2DiTema1UITests/Info.plist;
				LD_RUNPATH_SEARCH_PATHS = (
					"$(inherited)",
					"@executable_path/Frameworks",
					"@loader_path/Frameworks",
				);
				PRODUCT_BUNDLE_IDENTIFIER = montacer.elfazazi.ejerc2DiTema1UITests;
				PRODUCT_NAME = "$(TARGET_NAME)";
				SWIFT_VERSION = 5.0;
				TARGETED_DEVICE_FAMILY = "1,2";
				TEST_TARGET_NAME = ejerc2DiTema1;
			};
			name = Debug;
		};
		1B3825FC2AEA49A500EEC63A /* Release */ = {
			isa = XCBuildConfiguration;
			buildSettings = {
				ALWAYS_EMBED_SWIFT_STANDARD_LIBRARIES = YES;
				CODE_SIGN_STYLE = Automatic;
				INFOPLIST_FILE = ejerc2DiTema1UITests/Info.plist;
				LD_RUNPATH_SEARCH_PATHS = (
					"$(inherited)",
					"@executable_path/Frameworks",
					"@loader_path/Frameworks",
				);
				PRODUCT_BUNDLE_IDENTIFIER = montacer.elfazazi.ejerc2DiTema1UITests;
				PRODUCT_NAME = "$(TARGET_NAME)";
				SWIFT_VERSION = 5.0;
				TARGETED_DEVICE_FAMILY = "1,2";
				TEST_TARGET_NAME = ejerc2DiTema1;
			};
			name = Release;
		};
/* End XCBuildConfiguration section */

/* Begin XCConfigurationList section */
		1B3825C52AEA49A300EEC63A /* Build configuration list for PBXProject "ejerc2DiTema1" */ = {
			isa = XCConfigurationList;
			buildConfigurations = (
				1B3825F22AEA49A500EEC63A /* Debug */,
				1B3825F32AEA49A500EEC63A /* Release */,
			);
			defaultConfigurationIsVisible = 0;
			defaultConfigurationName = Release;
		};
		1B3825F42AEA49A500EEC63A /* Build configuration list for PBXNativeTarget "ejerc2DiTema1" */ = {
			isa = XCConfigurationList;
			buildConfigurations = (
				1B3825F52AEA49A500EEC63A /* Debug */,
				1B3825F62AEA49A500EEC63A /* Release */,
			);
			defaultConfigurationIsVisible = 0;
			defaultConfigurationName = Release;
		};
		1B3825F72AEA49A500EEC63A /* Build configuration list for PBXNativeTarget "ejerc2DiTema1Tests" */ = {
			isa = XCConfigurationList;
			buildConfigurations = (
				1B3825F82AEA49A500EEC63A /* Debug */,
				1B3825F92AEA49A500EEC63A /* Release */,
			);
			defaultConfigurationIsVisible = 0;
			defaultConfigurationName = Release;
		};
		1B3825FA2AEA49A500EEC63A /* Build configuration list for PBXNativeTarget "ejerc2DiTema1UITests" */ = {
			isa = XCConfigurationList;
			buildConfigurations = (
				1B3825FB2AEA49A500EEC63A /* Debug */,
				1B3825FC2AEA49A500EEC63A /* Release */,
			);
			defaultConfigurationIsVisible = 0;
			defaultConfigurationName = Release;
		};
/* End XCConfigurationList section */
	};
	rootObject = 1B3825C22AEA49A300EEC63A /* Project object */;
}
